// !$*UTF8*$!
{
	archiveVersion = 1;
	classes = {
	};
	objectVersion = 50;
	objects = {

/* Begin PBXBuildFile section */
		DFE8BEF522CAE42C00A6F569 /* AppDelegate.swift in Sources */ = {isa = PBXBuildFile; fileRef = DFE8BEF422CAE42C00A6F569 /* AppDelegate.swift */; };
		DFE8BEF722CAE42C00A6F569 /* SceneDelegate.swift in Sources */ = {isa = PBXBuildFile; fileRef = DFE8BEF622CAE42C00A6F569 /* SceneDelegate.swift */; };
		DFE8BEF922CAE42C00A6F569 /* ContentView.swift in Sources */ = {isa = PBXBuildFile; fileRef = DFE8BEF822CAE42C00A6F569 /* ContentView.swift */; };
		DFE8BEFB22CAE42E00A6F569 /* Assets.xcassets in Resources */ = {isa = PBXBuildFile; fileRef = DFE8BEFA22CAE42E00A6F569 /* Assets.xcassets */; };
		DFE8BEFE22CAE42E00A6F569 /* Preview Assets.xcassets in Resources */ = {isa = PBXBuildFile; fileRef = DFE8BEFD22CAE42E00A6F569 /* Preview Assets.xcassets */; };
		DFE8BF0122CAE42E00A6F569 /* LaunchScreen.storyboard in Resources */ = {isa = PBXBuildFile; fileRef = DFE8BEFF22CAE42E00A6F569 /* LaunchScreen.storyboard */; };
/* End PBXBuildFile section */

/* Begin PBXFileReference section */
		DFE8BEF122CAE42C00A6F569 /* dashboard-app.app */ = {isa = PBXFileReference; explicitFileType = wrapper.application; includeInIndex = 0; path = "dashboard-app.app"; sourceTree = BUILT_PRODUCTS_DIR; };
		DFE8BEF422CAE42C00A6F569 /* AppDelegate.swift */ = {isa = PBXFileReference; lastKnownFileType = sourcecode.swift; path = AppDelegate.swift; sourceTree = "<group>"; };
		DFE8BEF622CAE42C00A6F569 /* SceneDelegate.swift */ = {isa = PBXFileReference; lastKnownFileType = sourcecode.swift; path = SceneDelegate.swift; sourceTree = "<group>"; };
		DFE8BEF822CAE42C00A6F569 /* ContentView.swift */ = {isa = PBXFileReference; lastKnownFileType = sourcecode.swift; path = ContentView.swift; sourceTree = "<group>"; };
		DFE8BEFA22CAE42E00A6F569 /* Assets.xcassets */ = {isa = PBXFileReference; lastKnownFileType = folder.assetcatalog; path = Assets.xcassets; sourceTree = "<group>"; };
		DFE8BEFD22CAE42E00A6F569 /* Preview Assets.xcassets */ = {isa = PBXFileReference; lastKnownFileType = folder.assetcatalog; path = "Preview Assets.xcassets"; sourceTree = "<group>"; };
		DFE8BF0022CAE42E00A6F569 /* Base */ = {isa = PBXFileReference; lastKnownFileType = file.storyboard; name = Base; path = Base.lproj/LaunchScreen.storyboard; sourceTree = "<group>"; };
		DFE8BF0222CAE42E00A6F569 /* Info.plist */ = {isa = PBXFileReference; lastKnownFileType = text.plist.xml; path = Info.plist; sourceTree = "<group>"; };
/* End PBXFileReference section */

/* Begin PBXFrameworksBuildPhase section */
		DFE8BEEE22CAE42C00A6F569 /* Frameworks */ = {
			isa = PBXFrameworksBuildPhase;
			buildActionMask = 2147483647;
			files = (
			);
			runOnlyForDeploymentPostprocessing = 0;
		};
/* End PBXFrameworksBuildPhase section */

/* Begin PBXGroup section */
		DFE8BEE822CAE42C00A6F569 = {
			isa = PBXGroup;
			children = (
				DFE8BEF322CAE42C00A6F569 /* dashboard-app */,
				DFE8BEF222CAE42C00A6F569 /* Products */,
			);
			sourceTree = "<group>";
		};
		DFE8BEF222CAE42C00A6F569 /* Products */ = {
			isa = PBXGroup;
			children = (
				DFE8BEF122CAE42C00A6F569 /* dashboard-app.app */,
			);
			name = Products;
			sourceTree = "<group>";
		};
		DFE8BEF322CAE42C00A6F569 /* dashboard-app */ = {
			isa = PBXGroup;
			children = (
				DFE8BEF422CAE42C00A6F569 /* AppDelegate.swift */,
				DFE8BEF622CAE42C00A6F569 /* SceneDelegate.swift */,
				DFE8BEF822CAE42C00A6F569 /* ContentView.swift */,
				DFE8BEFA22CAE42E00A6F569 /* Assets.xcassets */,
				DFE8BEFF22CAE42E00A6F569 /* LaunchScreen.storyboard */,
				DFE8BF0222CAE42E00A6F569 /* Info.plist */,
				DFE8BEFC22CAE42E00A6F569 /* Preview Content */,
			);
			path = "dashboard-app";
			sourceTree = "<group>";
		};
		DFE8BEFC22CAE42E00A6F569 /* Preview Content */ = {
			isa = PBXGroup;
			children = (
				DFE8BEFD22CAE42E00A6F569 /* Preview Assets.xcassets */,
			);
			path = "Preview Content";
			sourceTree = "<group>";
		};
/* End PBXGroup section */

/* Begin PBXNativeTarget section */
		DFE8BEF022CAE42C00A6F569 /* dashboard-app */ = {
			isa = PBXNativeTarget;
			buildConfigurationList = DFE8BF0522CAE42E00A6F569 /* Build configuration list for PBXNativeTarget "dashboard-app" */;
			buildPhases = (
				DFE8BEED22CAE42C00A6F569 /* Sources */,
				DFE8BEEE22CAE42C00A6F569 /* Frameworks */,
				DFE8BEEF22CAE42C00A6F569 /* Resources */,
			);
			buildRules = (
			);
			dependencies = (
			);
			name = "dashboard-app";
			productName = "dashboard-app";
			productReference = DFE8BEF122CAE42C00A6F569 /* dashboard-app.app */;
			productType = "com.apple.product-type.application";
		};
/* End PBXNativeTarget section */

/* Begin PBXProject section */
		DFE8BEE922CAE42C00A6F569 /* Project object */ = {
			isa = PBXProject;
			attributes = {
				LastSwiftUpdateCheck = 1100;
				LastUpgradeCheck = 1100;
				ORGANIZATIONNAME = synup;
				TargetAttributes = {
					DFE8BEF022CAE42C00A6F569 = {
						CreatedOnToolsVersion = 11.0;
					};
				};
			};
			buildConfigurationList = DFE8BEEC22CAE42C00A6F569 /* Build configuration list for PBXProject "dashboard-app" */;
			compatibilityVersion = "Xcode 9.3";
			developmentRegion = en;
			hasScannedForEncodings = 0;
			knownRegions = (
				en,
				Base,
			);
			mainGroup = DFE8BEE822CAE42C00A6F569;
			productRefGroup = DFE8BEF222CAE42C00A6F569 /* Products */;
			projectDirPath = "";
			projectRoot = "";
			targets = (
				DFE8BEF022CAE42C00A6F569 /* dashboard-app */,
			);
		};
/* End PBXProject section */

/* Begin PBXResourcesBuildPhase section */
		DFE8BEEF22CAE42C00A6F569 /* Resources */ = {
			isa = PBXResourcesBuildPhase;
			buildActionMask = 2147483647;
			files = (
				DFE8BF0122CAE42E00A6F569 /* LaunchScreen.storyboard in Resources */,
				DFE8BEFE22CAE42E00A6F569 /* Preview Assets.xcassets in Resources */,
				DFE8BEFB22CAE42E00A6F569 /* Assets.xcassets in Resources */,
			);
			runOnlyForDeploymentPostprocessing = 0;
		};
/* End PBXResourcesBuildPhase section */

/* Begin PBXSourcesBuildPhase section */
		DFE8BEED22CAE42C00A6F569 /* Sources */ = {
			isa = PBXSourcesBuildPhase;
			buildActionMask = 2147483647;
			files = (
				DFE8BEF522CAE42C00A6F569 /* AppDelegate.swift in Sources */,
				DFE8BEF722CAE42C00A6F569 /* SceneDelegate.swift in Sources */,
				DFE8BEF922CAE42C00A6F569 /* ContentView.swift in Sources */,
			);
			runOnlyForDeploymentPostprocessing = 0;
		};
/* End PBXSourcesBuildPhase section */

/* Begin PBXVariantGroup section */
		DFE8BEFF22CAE42E00A6F569 /* LaunchScreen.storyboard */ = {
			isa = PBXVariantGroup;
			children = (
				DFE8BF0022CAE42E00A6F569 /* Base */,
			);
			name = LaunchScreen.storyboard;
			sourceTree = "<group>";
		};
/* End PBXVariantGroup section */

/* Begin XCBuildConfiguration section */
		DFE8BF0322CAE42E00A6F569 /* Debug */ = {
			isa = XCBuildConfiguration;
			buildSettings = {
				ALWAYS_SEARCH_USER_PATHS = NO;
				CLANG_ANALYZER_NONNULL = YES;
				CLANG_ANALYZER_NUMBER_OBJECT_CONVERSION = YES_AGGRESSIVE;
				CLANG_CXX_LANGUAGE_STANDARD = "gnu++14";
				CLANG_CXX_LIBRARY = "libc++";
				CLANG_ENABLE_MODULES = YES;
				CLANG_ENABLE_OBJC_ARC = YES;
				CLANG_ENABLE_OBJC_WEAK = YES;
				CLANG_WARN_BLOCK_CAPTURE_AUTORELEASING = YES;
				CLANG_WARN_BOOL_CONVERSION = YES;
				CLANG_WARN_COMMA = YES;
				CLANG_WARN_CONSTANT_CONVERSION = YES;
				CLANG_WARN_DEPRECATED_OBJC_IMPLEMENTATIONS = YES;
				CLANG_WARN_DIRECT_OBJC_ISA_USAGE = YES_ERROR;
				CLANG_WARN_DOCUMENTATION_COMMENTS = YES;
				CLANG_WARN_EMPTY_BODY = YES;
				CLANG_WARN_ENUM_CONVERSION = YES;
				CLANG_WARN_INFINITE_RECURSION = YES;
				CLANG_WARN_INT_CONVERSION = YES;
				CLANG_WARN_NON_LITERAL_NULL_CONVERSION = YES;
				CLANG_WARN_OBJC_IMPLICIT_RETAIN_SELF = YES;
				CLANG_WARN_OBJC_LITERAL_CONVERSION = YES;
				CLANG_WARN_OBJC_ROOT_CLASS = YES_ERROR;
				CLANG_WARN_RANGE_LOOP_ANALYSIS = YES;
				CLANG_WARN_STRICT_PROTOTYPES = YES;
				CLANG_WARN_SUSPICIOUS_MOVE = YES;
				CLANG_WARN_UNGUARDED_AVAILABILITY = YES_AGGRESSIVE;
				CLANG_WARN_UNREACHABLE_CODE = YES;
				CLANG_WARN__DUPLICATE_METHOD_MATCH = YES;
				COPY_PHASE_STRIP = NO;
				DEBUG_INFORMATION_FORMAT = dwarf;
				ENABLE_STRICT_OBJC_MSGSEND = YES;
				ENABLE_TESTABILITY = YES;
				GCC_C_LANGUAGE_STANDARD = gnu11;
				GCC_DYNAMIC_NO_PIC = NO;
				GCC_NO_COMMON_BLOCKS = YES;
				GCC_OPTIMIZATION_LEVEL = 0;
				GCC_PREPROCESSOR_DEFINITIONS = (
					"DEBUG=1",
					"$(inherited)",
				);
				GCC_WARN_64_TO_32_BIT_CONVERSION = YES;
				GCC_WARN_ABOUT_RETURN_TYPE = YES_ERROR;
				GCC_WARN_UNDECLARED_SELECTOR = YES;
				GCC_WARN_UNINITIALIZED_AUTOS = YES_AGGRESSIVE;
				GCC_WARN_UNUSED_FUNCTION = YES;
				GCC_WARN_UNUSED_VARIABLE = YES;
				IPHONEOS_DEPLOYMENT_TARGET = 13.0;
				MTL_ENABLE_DEBUG_INFO = INCLUDE_SOURCE;
				MTL_FAST_MATH = YES;
				ONLY_ACTIVE_ARCH = YES;
				SDKROOT = iphoneos;
				SWIFT_ACTIVE_COMPILATION_CONDITIONS = DEBUG;
				SWIFT_OPTIMIZATION_LEVEL = "-Onone";
			};
			name = Debug;
		};
		DFE8BF0422CAE42E00A6F569 /* Release */ = {
			isa = XCBuildConfiguration;
			buildSettings = {
				ALWAYS_SEARCH_USER_PATHS = NO;
				CLANG_ANALYZER_NONNULL = YES;
				CLANG_ANALYZER_NUMBER_OBJECT_CONVERSION = YES_AGGRESSIVE;
				CLANG_CXX_LANGUAGE_STANDARD = "gnu++14";
				CLANG_CXX_LIBRARY = "libc++";
				CLANG_ENABLE_MODULES = YES;
				CLANG_ENABLE_OBJC_ARC = YES;
				CLANG_ENABLE_OBJC_WEAK = YES;
				CLANG_WARN_BLOCK_CAPTURE_AUTORELEASING = YES;
				CLANG_WARN_BOOL_CONVERSION = YES;
				CLANG_WARN_COMMA = YES;
				CLANG_WARN_CONSTANT_CONVERSION = YES;
				CLANG_WARN_DEPRECATED_OBJC_IMPLEMENTATIONS = YES;
				CLANG_WARN_DIRECT_OBJC_ISA_USAGE = YES_ERROR;
				CLANG_WARN_DOCUMENTATION_COMMENTS = YES;
				CLANG_WARN_EMPTY_BODY = YES;
				CLANG_WARN_ENUM_CONVERSION = YES;
				CLANG_WARN_INFINITE_RECURSION = YES;
				CLANG_WARN_INT_CONVERSION = YES;
				CLANG_WARN_NON_LITERAL_NULL_CONVERSION = YES;
				CLANG_WARN_OBJC_IMPLICIT_RETAIN_SELF = YES;
				CLANG_WARN_OBJC_LITERAL_CONVERSION = YES;
				CLANG_WARN_OBJC_ROOT_CLASS = YES_ERROR;
				CLANG_WARN_RANGE_LOOP_ANALYSIS = YES;
				CLANG_WARN_STRICT_PROTOTYPES = YES;
				CLANG_WARN_SUSPICIOUS_MOVE = YES;
				CLANG_WARN_UNGUARDED_AVAILABILITY = YES_AGGRESSIVE;
				CLANG_WARN_UNREACHABLE_CODE = YES;
				CLANG_WARN__DUPLICATE_METHOD_MATCH = YES;
				COPY_PHASE_STRIP = NO;
				DEBUG_INFORMATION_FORMAT = "dwarf-with-dsym";
				ENABLE_NS_ASSERTIONS = NO;
				ENABLE_STRICT_OBJC_MSGSEND = YES;
				GCC_C_LANGUAGE_STANDARD = gnu11;
				GCC_NO_COMMON_BLOCKS = YES;
				GCC_WARN_64_TO_32_BIT_CONVERSION = YES;
				GCC_WARN_ABOUT_RETURN_TYPE = YES_ERROR;
				GCC_WARN_UNDECLARED_SELECTOR = YES;
				GCC_WARN_UNINITIALIZED_AUTOS = YES_AGGRESSIVE;
				GCC_WARN_UNUSED_FUNCTION = YES;
				GCC_WARN_UNUSED_VARIABLE = YES;
				IPHONEOS_DEPLOYMENT_TARGET = 13.0;
				MTL_ENABLE_DEBUG_INFO = NO;
				MTL_FAST_MATH = YES;
				SDKROOT = iphoneos;
				SWIFT_COMPILATION_MODE = wholemodule;
				SWIFT_OPTIMIZATION_LEVEL = "-O";
				VALIDATE_PRODUCT = YES;
			};
			name = Release;
		};
		DFE8BF0622CAE42E00A6F569 /* Debug */ = {
			isa = XCBuildConfiguration;
			buildSettings = {
				ASSETCATALOG_COMPILER_APPICON_NAME = AppIcon;
				CODE_SIGN_STYLE = Automatic;
				DEVELOPMENT_ASSET_PATHS = "dashboard-app/Preview\\ Content";
				ENABLE_PREVIEWS = YES;
				INFOPLIST_FILE = "dashboard-app/Info.plist";
				LD_RUNPATH_SEARCH_PATHS = (
					"$(inherited)",
					"@executable_path/Frameworks",
				);
				PRODUCT_BUNDLE_IDENTIFIER = "com.synup.dashboard-app";
				PRODUCT_NAME = "$(TARGET_NAME)";
				SWIFT_VERSION = 5.0;
				TARGETED_DEVICE_FAMILY = "1,2";
			};
			name = Debug;
		};
		DFE8BF0722CAE42E00A6F569 /* Release */ = {
			isa = XCBuildConfiguration;
			buildSettings = {
				ASSETCATALOG_COMPILER_APPICON_NAME = AppIcon;
				CODE_SIGN_STYLE = Automatic;
				DEVELOPMENT_ASSET_PATHS = "dashboard-app/Preview\\ Content";
				ENABLE_PREVIEWS = YES;
				INFOPLIST_FILE = "dashboard-app/Info.plist";
				LD_RUNPATH_SEARCH_PATHS = (
					"$(inherited)",
					"@executable_path/Frameworks",
				);
				PRODUCT_BUNDLE_IDENTIFIER = "com.synup.dashboard-app";
				PRODUCT_NAME = "$(TARGET_NAME)";
				SWIFT_VERSION = 5.0;
				TARGETED_DEVICE_FAMILY = "1,2";
			};
			name = Release;
		};
/* End XCBuildConfiguration section */

/* Begin XCConfigurationList section */
		DFE8BEEC22CAE42C00A6F569 /* Build configuration list for PBXProject "dashboard-app" */ = {
			isa = XCConfigurationList;
			buildConfigurations = (
				DFE8BF0322CAE42E00A6F569 /* Debug */,
				DFE8BF0422CAE42E00A6F569 /* Release */,
			);
			defaultConfigurationIsVisible = 0;
			defaultConfigurationName = Release;
		};
		DFE8BF0522CAE42E00A6F569 /* Build configuration list for PBXNativeTarget "dashboard-app" */ = {
			isa = XCConfigurationList;
			buildConfigurations = (
				DFE8BF0622CAE42E00A6F569 /* Debug */,
				DFE8BF0722CAE42E00A6F569 /* Release */,
			);
			defaultConfigurationIsVisible = 0;
			defaultConfigurationName = Release;
		};
/* End XCConfigurationList section */
	};
	rootObject = DFE8BEE922CAE42C00A6F569 /* Project object */;
}
